
Microsoft Visual Studio Solution File, Format Version 12.00
# Visual Studio Version 16
VisualStudioVersion = 16.0.30717.126
MinimumVisualStudioVersion = 10.0.40219.1
Project("{2150E333-8FDC-42A3-9474-1A3956D46DE8}") = "src", "src", "{6B65D790-F0B0-4625-87D4-CB867DD92695}"
EndProject
Project("{2150E333-8FDC-42A3-9474-1A3956D46DE8}") = "Catalog", "Catalog", "{5006B8FE-15C7-4735-BE72-979DBBC0E280}"
EndProject
Project("{9A19103F-16F7-4668-BE54-9A1E7A4F7556}") = "Catalog.API", "Catalog.API\Catalog.API.csproj", "{2AEAE930-7297-45A5-9170-C2EAE4AAD5BB}"
EndProject
Project("{E53339B2-1760-4266-BCC7-CA923CBCF16C}") = "docker-compose", "docker-compose.dcproj", "{134EA90B-1099-4B4D-840A-EAB1CC0BE46D}"
EndProject
Project("{2150E333-8FDC-42A3-9474-1A3956D46DE8}") = "Basket", "Basket", "{B0AB9A73-9E56-4F26-883F-030808969C8E}"
EndProject
Project("{9A19103F-16F7-4668-BE54-9A1E7A4F7556}") = "Basket.API", "Basket.API\Basket.API.csproj", "{49FA5E2A-15E1-4E5A-BAEC-7E24460F39B3}"
EndProject
Project("{2150E333-8FDC-42A3-9474-1A3956D46DE8}") = "Common", "Common", "{E07130AA-214A-4684-A50B-F2E0E9484AB1}"
EndProject
Project("{9A19103F-16F7-4668-BE54-9A1E7A4F7556}") = "EventBusRabbitMQ", "Common\EventBusRabbitMQ\EventBusRabbitMQ.csproj", "{813673C3-B3E7-4BCB-A46D-D19988EE53C8}"
EndProject
Global
	GlobalSection(SolutionConfigurationPlatforms) = preSolution
		Debug|Any CPU = Debug|Any CPU
		Release|Any CPU = Release|Any CPU
	EndGlobalSection
	GlobalSection(ProjectConfigurationPlatforms) = postSolution
		{2AEAE930-7297-45A5-9170-C2EAE4AAD5BB}.Debug|Any CPU.ActiveCfg = Debug|Any CPU
		{2AEAE930-7297-45A5-9170-C2EAE4AAD5BB}.Debug|Any CPU.Build.0 = Debug|Any CPU
		{2AEAE930-7297-45A5-9170-C2EAE4AAD5BB}.Release|Any CPU.ActiveCfg = Release|Any CPU
		{2AEAE930-7297-45A5-9170-C2EAE4AAD5BB}.Release|Any CPU.Build.0 = Release|Any CPU
		{134EA90B-1099-4B4D-840A-EAB1CC0BE46D}.Debug|Any CPU.ActiveCfg = Debug|Any CPU
		{134EA90B-1099-4B4D-840A-EAB1CC0BE46D}.Debug|Any CPU.Build.0 = Debug|Any CPU
		{134EA90B-1099-4B4D-840A-EAB1CC0BE46D}.Release|Any CPU.ActiveCfg = Release|Any CPU
		{134EA90B-1099-4B4D-840A-EAB1CC0BE46D}.Release|Any CPU.Build.0 = Release|Any CPU
		{49FA5E2A-15E1-4E5A-BAEC-7E24460F39B3}.Debug|Any CPU.ActiveCfg = Debug|Any CPU
		{49FA5E2A-15E1-4E5A-BAEC-7E24460F39B3}.Debug|Any CPU.Build.0 = Debug|Any CPU
		{49FA5E2A-15E1-4E5A-BAEC-7E24460F39B3}.Release|Any CPU.ActiveCfg = Release|Any CPU
		{49FA5E2A-15E1-4E5A-BAEC-7E24460F39B3}.Release|Any CPU.Build.0 = Release|Any CPU
		{813673C3-B3E7-4BCB-A46D-D19988EE53C8}.Debug|Any CPU.ActiveCfg = Debug|Any CPU
		{813673C3-B3E7-4BCB-A46D-D19988EE53C8}.Debug|Any CPU.Build.0 = Debug|Any CPU
		{813673C3-B3E7-4BCB-A46D-D19988EE53C8}.Release|Any CPU.ActiveCfg = Release|Any CPU
		{813673C3-B3E7-4BCB-A46D-D19988EE53C8}.Release|Any CPU.Build.0 = Release|Any CPU
	EndGlobalSection
	GlobalSection(SolutionProperties) = preSolution
		HideSolutionNode = FALSE
	EndGlobalSection
	GlobalSection(NestedProjects) = preSolution
		{5006B8FE-15C7-4735-BE72-979DBBC0E280} = {6B65D790-F0B0-4625-87D4-CB867DD92695}
		{2AEAE930-7297-45A5-9170-C2EAE4AAD5BB} = {5006B8FE-15C7-4735-BE72-979DBBC0E280}
		{B0AB9A73-9E56-4F26-883F-030808969C8E} = {6B65D790-F0B0-4625-87D4-CB867DD92695}
		{49FA5E2A-15E1-4E5A-BAEC-7E24460F39B3} = {B0AB9A73-9E56-4F26-883F-030808969C8E}
		{E07130AA-214A-4684-A50B-F2E0E9484AB1} = {6B65D790-F0B0-4625-87D4-CB867DD92695}
		{813673C3-B3E7-4BCB-A46D-D19988EE53C8} = {E07130AA-214A-4684-A50B-F2E0E9484AB1}
	EndGlobalSection
	GlobalSection(ExtensibilityGlobals) = postSolution
		SolutionGuid = {8D63375D-A0E5-4495-BDC8-74B85AC71894}
	EndGlobalSection
EndGlobal
